// !$*UTF8*$!
{
	archiveVersion = 1;
	classes = {
	};
	objectVersion = 46;
	objects = {

/* Begin PBXBuildFile section */
		82EE32211CD1318700F9365E /* AppDelegate.swift in Sources */ = {isa = PBXBuildFile; fileRef = 82EE32201CD1318700F9365E /* AppDelegate.swift */; };
		82EE32231CD1318700F9365E /* ViewController.swift in Sources */ = {isa = PBXBuildFile; fileRef = 82EE32221CD1318700F9365E /* ViewController.swift */; };
		82EE32261CD1318700F9365E /* Main.storyboard in Resources */ = {isa = PBXBuildFile; fileRef = 82EE32241CD1318700F9365E /* Main.storyboard */; };
		82EE32281CD1318800F9365E /* Assets.xcassets in Resources */ = {isa = PBXBuildFile; fileRef = 82EE32271CD1318800F9365E /* Assets.xcassets */; };
		82EE322B1CD1318800F9365E /* LaunchScreen.storyboard in Resources */ = {isa = PBXBuildFile; fileRef = 82EE32291CD1318800F9365E /* LaunchScreen.storyboard */; };
/* End PBXBuildFile section */

/* Begin PBXFileReference section */
		82EE321D1CD1318700F9365E /* ejemploMapa.app */ = {isa = PBXFileReference; explicitFileType = wrapper.application; includeInIndex = 0; path = ejemploMapa.app; sourceTree = BUILT_PRODUCTS_DIR; };
		82EE32201CD1318700F9365E /* AppDelegate.swift */ = {isa = PBXFileReference; lastKnownFileType = sourcecode.swift; path = AppDelegate.swift; sourceTree = "<group>"; };
		82EE32221CD1318700F9365E /* ViewController.swift */ = {isa = PBXFileReference; lastKnownFileType = sourcecode.swift; path = ViewController.swift; sourceTree = "<group>"; };
		82EE32251CD1318700F9365E /* Base */ = {isa = PBXFileReference; lastKnownFileType = file.storyboard; name = Base; path = Base.lproj/Main.storyboard; sourceTree = "<group>"; };
		82EE32271CD1318800F9365E /* Assets.xcassets */ = {isa = PBXFileReference; lastKnownFileType = folder.assetcatalog; path = Assets.xcassets; sourceTree = "<group>"; };
		82EE322A1CD1318800F9365E /* Base */ = {isa = PBXFileReference; lastKnownFileType = file.storyboard; name = Base; path = Base.lproj/LaunchScreen.storyboard; sourceTree = "<group>"; };
		82EE322C1CD1318800F9365E /* Info.plist */ = {isa = PBXFileReference; lastKnownFileType = text.plist.xml; path = Info.plist; sourceTree = "<group>"; };
/* End PBXFileReference section */

/* Begin PBXFrameworksBuildPhase section */
		82EE321A1CD1318700F9365E /* Frameworks */ = {
			isa = PBXFrameworksBuildPhase;
			buildActionMask = 2147483647;
			files = (
			);
			runOnlyForDeploymentPostprocessing = 0;
		};
/* End PBXFrameworksBuildPhase section */

/* Begin PBXGroup section */
		82EE32141CD1318700F9365E = {
			isa = PBXGroup;
			children = (
				82EE321F1CD1318700F9365E /* ejemploMapa */,
				82EE321E1CD1318700F9365E /* Products */,
			);
			sourceTree = "<group>";
		};
		82EE321E1CD1318700F9365E /* Products */ = {
			isa = PBXGroup;
			children = (
				82EE321D1CD1318700F9365E /* ejemploMapa.app */,
			);
			name = Products;
			sourceTree = "<group>";
		};
		82EE321F1CD1318700F9365E /* ejemploMapa */ = {
			isa = PBXGroup;
			children = (
				82EE32201CD1318700F9365E /* AppDelegate.swift */,
				82EE32221CD1318700F9365E /* ViewController.swift */,
				82EE32241CD1318700F9365E /* Main.storyboard */,
				82EE32271CD1318800F9365E /* Assets.xcassets */,
				82EE32291CD1318800F9365E /* LaunchScreen.storyboard */,
				82EE322C1CD1318800F9365E /* Info.plist */,
			);
			path = ejemploMapa;
			sourceTree = "<group>";
		};
/* End PBXGroup section */

/* Begin PBXNativeTarget section */
		82EE321C1CD1318700F9365E /* ejemploMapa */ = {
			isa = PBXNativeTarget;
			buildConfigurationList = 82EE322F1CD1318800F9365E /* Build configuration list for PBXNativeTarget "ejemploMapa" */;
			buildPhases = (
				82EE32191CD1318700F9365E /* Sources */,
				82EE321A1CD1318700F9365E /* Frameworks */,
				82EE321B1CD1318700F9365E /* Resources */,
			);
			buildRules = (
			);
			dependencies = (
			);
			name = ejemploMapa;
			productName = ejemploMapa;
			productReference = 82EE321D1CD1318700F9365E /* ejemploMapa.app */;
			productType = "com.apple.product-type.application";
		};
/* End PBXNativeTarget section */

/* Begin PBXProject section */
		82EE32151CD1318700F9365E /* Project object */ = {
			isa = PBXProject;
			attributes = {
				LastSwiftUpdateCheck = 0730;
				LastUpgradeCheck = 0730;
				ORGANIZATIONNAME = Morasoft;
				TargetAttributes = {
					82EE321C1CD1318700F9365E = {
						CreatedOnToolsVersion = 7.3;
					};
				};
			};
			buildConfigurationList = 82EE32181CD1318700F9365E /* Build configuration list for PBXProject "ejemploMapa" */;
			compatibilityVersion = "Xcode 3.2";
			developmentRegion = English;
			hasScannedForEncodings = 0;
			knownRegions = (
				en,
				Base,
			);
			mainGroup = 82EE32141CD1318700F9365E;
			productRefGroup = 82EE321E1CD1318700F9365E /* Products */;
			projectDirPath = "";
			projectRoot = "";
			targets = (
				82EE321C1CD1318700F9365E /* ejemploMapa */,
			);
		};
/* End PBXProject section */

/* Begin PBXResourcesBuildPhase section */
		82EE321B1CD1318700F9365E /* Resources */ = {
			isa = PBXResourcesBuildPhase;
			buildActionMask = 2147483647;
			files = (
				82EE322B1CD1318800F9365E /* LaunchScreen.storyboard in Resources */,
				82EE32281CD1318800F9365E /* Assets.xcassets in Resources */,
				82EE32261CD1318700F9365E /* Main.storyboard in Resources */,
			);
			runOnlyForDeploymentPostprocessing = 0;
		};
/* End PBXResourcesBuildPhase section */

/* Begin PBXSourcesBuildPhase section */
		82EE32191CD1318700F9365E /* Sources */ = {
			isa = PBXSourcesBuildPhase;
			buildActionMask = 2147483647;
			files = (
				82EE32231CD1318700F9365E /* ViewController.swift in Sources */,
				82EE32211CD1318700F9365E /* AppDelegate.swift in Sources */,
			);
			runOnlyForDeploymentPostprocessing = 0;
		};
/* End PBXSourcesBuildPhase section */

/* Begin PBXVariantGroup section */
		82EE32241CD1318700F9365E /* Main.storyboard */ = {
			isa = PBXVariantGroup;
			children = (
				82EE32251CD1318700F9365E /* Base */,
			);
			name = Main.storyboard;
			sourceTree = "<group>";
		};
		82EE32291CD1318800F9365E /* LaunchScreen.storyboard */ = {
			isa = PBXVariantGroup;
			children = (
				82EE322A1CD1318800F9365E /* Base */,
			);
			name = LaunchScreen.storyboard;
			sourceTree = "<group>";
		};
/* End PBXVariantGroup section */

/* Begin XCBuildConfiguration section */
		82EE322D1CD1318800F9365E /* Debug */ = {
			isa = XCBuildConfiguration;
			buildSettings = {
				ALWAYS_SEARCH_USER_PATHS = NO;
				CLANG_ANALYZER_NONNULL = YES;
				CLANG_CXX_LANGUAGE_STANDARD = "gnu++0x";
				CLANG_CXX_LIBRARY = "libc++";
				CLANG_ENABLE_MODULES = YES;
				CLANG_ENABLE_OBJC_ARC = YES;
				CLANG_WARN_BOOL_CONVERSION = YES;
				CLANG_WARN_CONSTANT_CONVERSION = YES;
				CLANG_WARN_DIRECT_OBJC_ISA_USAGE = YES_ERROR;
				CLANG_WARN_EMPTY_BODY = YES;
				CLANG_WARN_ENUM_CONVERSION = YES;
				CLANG_WARN_INT_CONVERSION = YES;
				CLANG_WARN_OBJC_ROOT_CLASS = YES_ERROR;
				CLANG_WARN_UNREACHABLE_CODE = YES;
				CLANG_WARN__DUPLICATE_METHOD_MATCH = YES;
				"CODE_SIGN_IDENTITY[sdk=iphoneos*]" = "iPhone Developer";
				COPY_PHASE_STRIP = NO;
				DEBUG_INFORMATION_FORMAT = dwarf;
				ENABLE_STRICT_OBJC_MSGSEND = YES;
				ENABLE_TESTABILITY = YES;
				GCC_C_LANGUAGE_STANDARD = gnu99;
				GCC_DYNAMIC_NO_PIC = NO;
				GCC_NO_COMMON_BLOCKS = YES;
				GCC_OPTIMIZATION_LEVEL = 0;
				GCC_PREPROCESSOR_DEFINITIONS = (
					"DEBUG=1",
					"$(inherited)",
				);
				GCC_WARN_64_TO_32_BIT_CONVERSION = YES;
				GCC_WARN_ABOUT_RETURN_TYPE = YES_ERROR;
				GCC_WARN_UNDECLARED_SELECTOR = YES;
				GCC_WARN_UNINITIALIZED_AUTOS = YES_AGGRESSIVE;
				GCC_WARN_UNUSED_FUNCTION = YES;
				GCC_WARN_UNUSED_VARIABLE = YES;
				IPHONEOS_DEPLOYMENT_TARGET = 9.3;
				MTL_ENABLE_DEBUG_INFO = YES;
				ONLY_ACTIVE_ARCH = YES;
				SDKROOT = iphoneos;
				SWIFT_OPTIMIZATION_LEVEL = "-Onone";
				TARGETED_DEVICE_FAMILY = "1,2";
			};
			name = Debug;
		};
		82EE322E1CD1318800F9365E /* Release */ = {
			isa = XCBuildConfiguration;
			buildSettings = {
				ALWAYS_SEARCH_USER_PATHS = NO;
				CLANG_ANALYZER_NONNULL = YES;
				CLANG_CXX_LANGUAGE_STANDARD = "gnu++0x";
				CLANG_CXX_LIBRARY = "libc++";
				CLANG_ENABLE_MODULES = YES;
				CLANG_ENABLE_OBJC_ARC = YES;
				CLANG_WARN_BOOL_CONVERSION = YES;
				CLANG_WARN_CONSTANT_CONVERSION = YES;
				CLANG_WARN_DIRECT_OBJC_ISA_USAGE = YES_ERROR;
				CLANG_WARN_EMPTY_BODY = YES;
				CLANG_WARN_ENUM_CONVERSION = YES;
				CLANG_WARN_INT_CONVERSION = YES;
				CLANG_WARN_OBJC_ROOT_CLASS = YES_ERROR;
				CLANG_WARN_UNREACHABLE_CODE = YES;
				CLANG_WARN__DUPLICATE_METHOD_MATCH = YES;
				"CODE_SIGN_IDENTITY[sdk=iphoneos*]" = "iPhone Developer";
				COPY_PHASE_STRIP = NO;
				DEBUG_INFORMATION_FORMAT = "dwarf-with-dsym";
				ENABLE_NS_ASSERTIONS = NO;
				ENABLE_STRICT_OBJC_MSGSEND = YES;
				GCC_C_LANGUAGE_STANDARD = gnu99;
				GCC_NO_COMMON_BLOCKS = YES;
				GCC_WARN_64_TO_32_BIT_CONVERSION = YES;
				GCC_WARN_ABOUT_RETURN_TYPE = YES_ERROR;
				GCC_WARN_UNDECLARED_SELECTOR = YES;
				GCC_WARN_UNINITIALIZED_AUTOS = YES_AGGRESSIVE;
				GCC_WARN_UNUSED_FUNCTION = YES;
				GCC_WARN_UNUSED_VARIABLE = YES;
				IPHONEOS_DEPLOYMENT_TARGET = 9.3;
				MTL_ENABLE_DEBUG_INFO = NO;
				SDKROOT = iphoneos;
				TARGETED_DEVICE_FAMILY = "1,2";
				VALIDATE_PRODUCT = YES;
			};
			name = Release;
		};
		82EE32301CD1318800F9365E /* Debug */ = {
			isa = XCBuildConfiguration;
			buildSettings = {
				ASSETCATALOG_COMPILER_APPICON_NAME = AppIcon;
				INFOPLIST_FILE = ejemploMapa/Info.plist;
				LD_RUNPATH_SEARCH_PATHS = "$(inherited) @executable_path/Frameworks";
				PRODUCT_BUNDLE_IDENTIFIER = mx.com.morasoft.ejemploMapa;
				PRODUCT_NAME = "$(TARGET_NAME)";
			};
			name = Debug;
		};
		82EE32311CD1318800F9365E /* Release */ = {
			isa = XCBuildConfiguration;
			buildSettings = {
				ASSETCATALOG_COMPILER_APPICON_NAME = AppIcon;
				INFOPLIST_FILE = ejemploMapa/Info.plist;
				LD_RUNPATH_SEARCH_PATHS = "$(inherited) @executable_path/Frameworks";
				PRODUCT_BUNDLE_IDENTIFIER = mx.com.morasoft.ejemploMapa;
				PRODUCT_NAME = "$(TARGET_NAME)";
			};
			name = Release;
		};
/* End XCBuildConfiguration section */

/* Begin XCConfigurationList section */
		82EE32181CD1318700F9365E /* Build configuration list for PBXProject "ejemploMapa" */ = {
			isa = XCConfigurationList;
			buildConfigurations = (
				82EE322D1CD1318800F9365E /* Debug */,
				82EE322E1CD1318800F9365E /* Release */,
			);
			defaultConfigurationIsVisible = 0;
			defaultConfigurationName = Release;
		};
		82EE322F1CD1318800F9365E /* Build configuration list for PBXNativeTarget "ejemploMapa" */ = {
			isa = XCConfigurationList;
			buildConfigurations = (
				82EE32301CD1318800F9365E /* Debug */,
				82EE32311CD1318800F9365E /* Release */,
			);
			defaultConfigurationIsVisible = 0;
		};
/* End XCConfigurationList section */
	};
	rootObject = 82EE32151CD1318700F9365E /* Project object */;
}
